// !$*UTF8*$!
{
	archiveVersion = 1;
	classes = {
	};
	objectVersion = 55;
	objects = {

/* Begin PBXBuildFile section */
		6E06D0EB27FDA44600FD4AA1 /* AppDelegate.swift in Sources */ = {isa = PBXBuildFile; fileRef = 6E06D0EA27FDA44600FD4AA1 /* AppDelegate.swift */; };
		6E06D0ED27FDA44600FD4AA1 /* SceneDelegate.swift in Sources */ = {isa = PBXBuildFile; fileRef = 6E06D0EC27FDA44600FD4AA1 /* SceneDelegate.swift */; };
		6E06D0EF27FDA44600FD4AA1 /* AuthorizationViewController.swift in Sources */ = {isa = PBXBuildFile; fileRef = 6E06D0EE27FDA44600FD4AA1 /* AuthorizationViewController.swift */; };
		6E06D0F227FDA44600FD4AA1 /* AuthView.storyboard in Resources */ = {isa = PBXBuildFile; fileRef = 6E06D0F027FDA44600FD4AA1 /* AuthView.storyboard */; };
		6E06D0F527FDA44600FD4AA1 /* TestWorkSiberian.xcdatamodeld in Sources */ = {isa = PBXBuildFile; fileRef = 6E06D0F327FDA44600FD4AA1 /* TestWorkSiberian.xcdatamodeld */; };
		6E06D0F727FDA44A00FD4AA1 /* Assets.xcassets in Resources */ = {isa = PBXBuildFile; fileRef = 6E06D0F627FDA44A00FD4AA1 /* Assets.xcassets */; };
		6E06D0FA27FDA44A00FD4AA1 /* LaunchScreen.storyboard in Resources */ = {isa = PBXBuildFile; fileRef = 6E06D0F827FDA44A00FD4AA1 /* LaunchScreen.storyboard */; };
		6E0ADC8D2808D8D800F28E6D /* ListView.storyboard in Resources */ = {isa = PBXBuildFile; fileRef = 6E0ADC8B2808D8D800F28E6D /* ListView.storyboard */; };
		6E2AA6D4280D973B00235A1F /* CustomButton.swift in Sources */ = {isa = PBXBuildFile; fileRef = 6E2AA6D3280D973B00235A1F /* CustomButton.swift */; };
		6E4F8E582823B0B000874C06 /* ListTableViewCell.swift in Sources */ = {isa = PBXBuildFile; fileRef = 6E4F8E562823B0B000874C06 /* ListTableViewCell.swift */; };
		6E4F8E592823B0B000874C06 /* ListTableViewCell.xib in Resources */ = {isa = PBXBuildFile; fileRef = 6E4F8E572823B0B000874C06 /* ListTableViewCell.xib */; };
		6E606B4F281B27FB006280F8 /* String + Extension.swift in Sources */ = {isa = PBXBuildFile; fileRef = 6E606B4E281B27FB006280F8 /* String + Extension.swift */; };
		6E6372F928056012004DA46E /* museosanscyrl_100.otf in Resources */ = {isa = PBXBuildFile; fileRef = 6E6372F828056012004DA46E /* museosanscyrl_100.otf */; };
		6E85F7F6282722B9008D362B /* UrlResponse.swift in Sources */ = {isa = PBXBuildFile; fileRef = 6E85F7F5282722B9008D362B /* UrlResponse.swift */; };
		6EAF7709282BCD8D002BFC24 /* NetworkService.swift in Sources */ = {isa = PBXBuildFile; fileRef = 6EAF7708282BCD8D002BFC24 /* NetworkService.swift */; };
		6EB523842820023E007F9F77 /* ListViewController.swift in Sources */ = {isa = PBXBuildFile; fileRef = 6EB523832820023E007F9F77 /* ListViewController.swift */; };
		6EE207AB2824E601008112B2 /* UITableViewCell+Extension.swift in Sources */ = {isa = PBXBuildFile; fileRef = 6EE207AA2824E601008112B2 /* UITableViewCell+Extension.swift */; };
/* End PBXBuildFile section */

/* Begin PBXFileReference section */
		6E06D0E727FDA44600FD4AA1 /* TestWorkSiberian.app */ = {isa = PBXFileReference; explicitFileType = wrapper.application; includeInIndex = 0; path = TestWorkSiberian.app; sourceTree = BUILT_PRODUCTS_DIR; };
		6E06D0EA27FDA44600FD4AA1 /* AppDelegate.swift */ = {isa = PBXFileReference; lastKnownFileType = sourcecode.swift; path = AppDelegate.swift; sourceTree = "<group>"; };
		6E06D0EC27FDA44600FD4AA1 /* SceneDelegate.swift */ = {isa = PBXFileReference; lastKnownFileType = sourcecode.swift; path = SceneDelegate.swift; sourceTree = "<group>"; };
		6E06D0EE27FDA44600FD4AA1 /* AuthorizationViewController.swift */ = {isa = PBXFileReference; lastKnownFileType = sourcecode.swift; path = AuthorizationViewController.swift; sourceTree = "<group>"; };
		6E06D0F127FDA44600FD4AA1 /* Base */ = {isa = PBXFileReference; lastKnownFileType = file.storyboard; name = Base; path = Base.lproj/AuthView.storyboard; sourceTree = "<group>"; };
		6E06D0F427FDA44600FD4AA1 /* TestWorkSiberian.xcdatamodel */ = {isa = PBXFileReference; lastKnownFileType = wrapper.xcdatamodel; path = TestWorkSiberian.xcdatamodel; sourceTree = "<group>"; };
		6E06D0F627FDA44A00FD4AA1 /* Assets.xcassets */ = {isa = PBXFileReference; lastKnownFileType = folder.assetcatalog; path = Assets.xcassets; sourceTree = "<group>"; };
		6E06D0F927FDA44A00FD4AA1 /* Base */ = {isa = PBXFileReference; lastKnownFileType = file.storyboard; name = Base; path = Base.lproj/LaunchScreen.storyboard; sourceTree = "<group>"; };
		6E06D0FB27FDA44A00FD4AA1 /* Info.plist */ = {isa = PBXFileReference; lastKnownFileType = text.plist.xml; path = Info.plist; sourceTree = "<group>"; };
		6E0ADC8C2808D8D800F28E6D /* Base */ = {isa = PBXFileReference; lastKnownFileType = file.storyboard; name = Base; path = Base.lproj/ListView.storyboard; sourceTree = "<group>"; };
		6E2AA6D3280D973B00235A1F /* CustomButton.swift */ = {isa = PBXFileReference; lastKnownFileType = sourcecode.swift; path = CustomButton.swift; sourceTree = "<group>"; };
		6E4F8E562823B0B000874C06 /* ListTableViewCell.swift */ = {isa = PBXFileReference; lastKnownFileType = sourcecode.swift; path = ListTableViewCell.swift; sourceTree = "<group>"; };
		6E4F8E572823B0B000874C06 /* ListTableViewCell.xib */ = {isa = PBXFileReference; lastKnownFileType = file.xib; path = ListTableViewCell.xib; sourceTree = "<group>"; };
		6E606B4E281B27FB006280F8 /* String + Extension.swift */ = {isa = PBXFileReference; lastKnownFileType = sourcecode.swift; path = "String + Extension.swift"; sourceTree = "<group>"; };
		6E6372F828056012004DA46E /* museosanscyrl_100.otf */ = {isa = PBXFileReference; lastKnownFileType = file; path = museosanscyrl_100.otf; sourceTree = "<group>"; };
		6E85F7F5282722B9008D362B /* UrlResponse.swift */ = {isa = PBXFileReference; lastKnownFileType = sourcecode.swift; path = UrlResponse.swift; sourceTree = "<group>"; };
		6EAF7708282BCD8D002BFC24 /* NetworkService.swift */ = {isa = PBXFileReference; lastKnownFileType = sourcecode.swift; path = NetworkService.swift; sourceTree = "<group>"; };
		6EB523832820023E007F9F77 /* ListViewController.swift */ = {isa = PBXFileReference; lastKnownFileType = sourcecode.swift; path = ListViewController.swift; sourceTree = "<group>"; };
		6EE207AA2824E601008112B2 /* UITableViewCell+Extension.swift */ = {isa = PBXFileReference; lastKnownFileType = sourcecode.swift; name = "UITableViewCell+Extension.swift"; path = "TestWorkSiberian/Extensions/UITableViewCell+Extension.swift"; sourceTree = SOURCE_ROOT; };
/* End PBXFileReference section */

/* Begin PBXFrameworksBuildPhase section */
		6E06D0E427FDA44600FD4AA1 /* Frameworks */ = {
			isa = PBXFrameworksBuildPhase;
			buildActionMask = 2147483647;
			files = (
			);
			runOnlyForDeploymentPostprocessing = 0;
		};
/* End PBXFrameworksBuildPhase section */

/* Begin PBXGroup section */
		6E06D0DE27FDA44600FD4AA1 = {
			isa = PBXGroup;
			children = (
				6E06D0E927FDA44600FD4AA1 /* TestWorkSiberian */,
				6E06D0E827FDA44600FD4AA1 /* Products */,
			);
			sourceTree = "<group>";
		};
		6E06D0E827FDA44600FD4AA1 /* Products */ = {
			isa = PBXGroup;
			children = (
				6E06D0E727FDA44600FD4AA1 /* TestWorkSiberian.app */,
			);
			name = Products;
			sourceTree = "<group>";
		};
		6E06D0E927FDA44600FD4AA1 /* TestWorkSiberian */ = {
			isa = PBXGroup;
			children = (
				6EAF770B282BD181002BFC24 /* Models */,
				6EAF770A282BD159002BFC24 /* Networking */,
				6E72941F2822864B00681635 /* Custom Elements */,
				6E72941C282285CA00681635 /* Flow */,
				6E606B4D281B2781006280F8 /* Extensions */,
				6EF7A3E42806E8D3005BFF0F /* Application */,
				6EF7A3E22806E82E005BFF0F /* Resources */,
				6E06D0FB27FDA44A00FD4AA1 /* Info.plist */,
				6E06D0F327FDA44600FD4AA1 /* TestWorkSiberian.xcdatamodeld */,
			);
			path = TestWorkSiberian;
			sourceTree = "<group>";
		};
		6E606B4D281B2781006280F8 /* Extensions */ = {
			isa = PBXGroup;
			children = (
				6EE207AA2824E601008112B2 /* UITableViewCell+Extension.swift */,
				6E606B4E281B27FB006280F8 /* String + Extension.swift */,
			);
			path = Extensions;
			sourceTree = "<group>";
		};
		6E6372F728055FC3004DA46E /* Fonts */ = {
			isa = PBXGroup;
			children = (
				6E6372F828056012004DA46E /* museosanscyrl_100.otf */,
			);
			path = Fonts;
			sourceTree = "<group>";
		};
		6E72941C282285CA00681635 /* Flow */ = {
			isa = PBXGroup;
			children = (
				6E72941E282285F400681635 /* List */,
				6E72941D282285D400681635 /* Authorization */,
			);
			path = Flow;
			sourceTree = "<group>";
		};
		6E72941D282285D400681635 /* Authorization */ = {
			isa = PBXGroup;
			children = (
				6E06D0F027FDA44600FD4AA1 /* AuthView.storyboard */,
				6E06D0EE27FDA44600FD4AA1 /* AuthorizationViewController.swift */,
			);
			path = Authorization;
			sourceTree = "<group>";
		};
		6E72941E282285F400681635 /* List */ = {
			isa = PBXGroup;
			children = (
				6E88165B2823D677004110C2 /* Cell */,
				6E0ADC8B2808D8D800F28E6D /* ListView.storyboard */,
				6EB523832820023E007F9F77 /* ListViewController.swift */,
			);
			path = List;
			sourceTree = "<group>";
		};
		6E72941F2822864B00681635 /* Custom Elements */ = {
			isa = PBXGroup;
			children = (
				6E2AA6D3280D973B00235A1F /* CustomButton.swift */,
			);
			path = "Custom Elements";
			sourceTree = "<group>";
		};
		6E88165B2823D677004110C2 /* Cell */ = {
			isa = PBXGroup;
			children = (
				6E4F8E572823B0B000874C06 /* ListTableViewCell.xib */,
				6E4F8E562823B0B000874C06 /* ListTableViewCell.swift */,
			);
			path = Cell;
			sourceTree = "<group>";
		};
		6EAF770A282BD159002BFC24 /* Networking */ = {
			isa = PBXGroup;
			children = (
				6EAF7708282BCD8D002BFC24 /* NetworkService.swift */,
			);
			path = Networking;
			sourceTree = "<group>";
		};
		6EAF770B282BD181002BFC24 /* Models */ = {
			isa = PBXGroup;
			children = (
				6E85F7F5282722B9008D362B /* UrlResponse.swift */,
			);
			path = Models;
			sourceTree = "<group>";
		};
		6EF7A3E22806E82E005BFF0F /* Resources */ = {
			isa = PBXGroup;
			children = (
				6E06D0F827FDA44A00FD4AA1 /* LaunchScreen.storyboard */,
				6E06D0F627FDA44A00FD4AA1 /* Assets.xcassets */,
				6E6372F728055FC3004DA46E /* Fonts */,
			);
			path = Resources;
			sourceTree = "<group>";
		};
		6EF7A3E42806E8D3005BFF0F /* Application */ = {
			isa = PBXGroup;
			children = (
				6E06D0EA27FDA44600FD4AA1 /* AppDelegate.swift */,
				6E06D0EC27FDA44600FD4AA1 /* SceneDelegate.swift */,
			);
			path = Application;
			sourceTree = "<group>";
		};
/* End PBXGroup section */

/* Begin PBXNativeTarget section */
		6E06D0E627FDA44600FD4AA1 /* TestWorkSiberian */ = {
			isa = PBXNativeTarget;
			buildConfigurationList = 6E06D0FE27FDA44A00FD4AA1 /* Build configuration list for PBXNativeTarget "TestWorkSiberian" */;
			buildPhases = (
				6E06D0E327FDA44600FD4AA1 /* Sources */,
				6E06D0E427FDA44600FD4AA1 /* Frameworks */,
				6E06D0E527FDA44600FD4AA1 /* Resources */,
			);
			buildRules = (
			);
			dependencies = (
			);
			name = TestWorkSiberian;
			productName = TestWorkSiberian;
			productReference = 6E06D0E727FDA44600FD4AA1 /* TestWorkSiberian.app */;
			productType = "com.apple.product-type.application";
		};
/* End PBXNativeTarget section */

/* Begin PBXProject section */
		6E06D0DF27FDA44600FD4AA1 /* Project object */ = {
			isa = PBXProject;
			attributes = {
				BuildIndependentTargetsInParallel = 1;
				LastSwiftUpdateCheck = 1310;
				LastUpgradeCheck = 1310;
				TargetAttributes = {
					6E06D0E627FDA44600FD4AA1 = {
						CreatedOnToolsVersion = 13.1;
					};
				};
			};
			buildConfigurationList = 6E06D0E227FDA44600FD4AA1 /* Build configuration list for PBXProject "TestWorkSiberian" */;
			compatibilityVersion = "Xcode 13.0";
			developmentRegion = en;
			hasScannedForEncodings = 0;
			knownRegions = (
				en,
				Base,
			);
			mainGroup = 6E06D0DE27FDA44600FD4AA1;
			productRefGroup = 6E06D0E827FDA44600FD4AA1 /* Products */;
			projectDirPath = "";
			projectRoot = "";
			targets = (
				6E06D0E627FDA44600FD4AA1 /* TestWorkSiberian */,
			);
		};
/* End PBXProject section */

/* Begin PBXResourcesBuildPhase section */
		6E06D0E527FDA44600FD4AA1 /* Resources */ = {
			isa = PBXResourcesBuildPhase;
			buildActionMask = 2147483647;
			files = (
				6E6372F928056012004DA46E /* museosanscyrl_100.otf in Resources */,
				6E4F8E592823B0B000874C06 /* ListTableViewCell.xib in Resources */,
				6E06D0FA27FDA44A00FD4AA1 /* LaunchScreen.storyboard in Resources */,
				6E0ADC8D2808D8D800F28E6D /* ListView.storyboard in Resources */,
				6E06D0F727FDA44A00FD4AA1 /* Assets.xcassets in Resources */,
				6E06D0F227FDA44600FD4AA1 /* AuthView.storyboard in Resources */,
			);
			runOnlyForDeploymentPostprocessing = 0;
		};
/* End PBXResourcesBuildPhase section */

/* Begin PBXSourcesBuildPhase section */
		6E06D0E327FDA44600FD4AA1 /* Sources */ = {
			isa = PBXSourcesBuildPhase;
			buildActionMask = 2147483647;
			files = (
				6EAF7709282BCD8D002BFC24 /* NetworkService.swift in Sources */,
				6E06D0EF27FDA44600FD4AA1 /* AuthorizationViewController.swift in Sources */,
				6E4F8E582823B0B000874C06 /* ListTableViewCell.swift in Sources */,
				6E06D0F527FDA44600FD4AA1 /* TestWorkSiberian.xcdatamodeld in Sources */,
				6E606B4F281B27FB006280F8 /* String + Extension.swift in Sources */,
				6EE207AB2824E601008112B2 /* UITableViewCell+Extension.swift in Sources */,
				6E06D0EB27FDA44600FD4AA1 /* AppDelegate.swift in Sources */,
				6E06D0ED27FDA44600FD4AA1 /* SceneDelegate.swift in Sources */,
				6E2AA6D4280D973B00235A1F /* CustomButton.swift in Sources */,
				6E85F7F6282722B9008D362B /* UrlResponse.swift in Sources */,
				6EB523842820023E007F9F77 /* ListViewController.swift in Sources */,
			);
			runOnlyForDeploymentPostprocessing = 0;
		};
/* End PBXSourcesBuildPhase section */

/* Begin PBXVariantGroup section */
		6E06D0F027FDA44600FD4AA1 /* AuthView.storyboard */ = {
			isa = PBXVariantGroup;
			children = (
				6E06D0F127FDA44600FD4AA1 /* Base */,
			);
			name = AuthView.storyboard;
			sourceTree = "<group>";
		};
		6E06D0F827FDA44A00FD4AA1 /* LaunchScreen.storyboard */ = {
			isa = PBXVariantGroup;
			children = (
				6E06D0F927FDA44A00FD4AA1 /* Base */,
			);
			name = LaunchScreen.storyboard;
			sourceTree = "<group>";
		};
		6E0ADC8B2808D8D800F28E6D /* ListView.storyboard */ = {
			isa = PBXVariantGroup;
			children = (
				6E0ADC8C2808D8D800F28E6D /* Base */,
			);
			name = ListView.storyboard;
			sourceTree = "<group>";
		};
/* End PBXVariantGroup section */

/* Begin XCBuildConfiguration section */
		6E06D0FC27FDA44A00FD4AA1 /* Debug */ = {
			isa = XCBuildConfiguration;
			buildSettings = {
				ALWAYS_SEARCH_USER_PATHS = NO;
				CLANG_ANALYZER_NONNULL = YES;
				CLANG_ANALYZER_NUMBER_OBJECT_CONVERSION = YES_AGGRESSIVE;
				CLANG_CXX_LANGUAGE_STANDARD = "gnu++17";
				CLANG_CXX_LIBRARY = "libc++";
				CLANG_ENABLE_MODULES = YES;
				CLANG_ENABLE_OBJC_ARC = YES;
				CLANG_ENABLE_OBJC_WEAK = YES;
				CLANG_WARN_BLOCK_CAPTURE_AUTORELEASING = YES;
				CLANG_WARN_BOOL_CONVERSION = YES;
				CLANG_WARN_COMMA = YES;
				CLANG_WARN_CONSTANT_CONVERSION = YES;
				CLANG_WARN_DEPRECATED_OBJC_IMPLEMENTATIONS = YES;
				CLANG_WARN_DIRECT_OBJC_ISA_USAGE = YES_ERROR;
				CLANG_WARN_DOCUMENTATION_COMMENTS = YES;
				CLANG_WARN_EMPTY_BODY = YES;
				CLANG_WARN_ENUM_CONVERSION = YES;
				CLANG_WARN_INFINITE_RECURSION = YES;
				CLANG_WARN_INT_CONVERSION = YES;
				CLANG_WARN_NON_LITERAL_NULL_CONVERSION = YES;
				CLANG_WARN_OBJC_IMPLICIT_RETAIN_SELF = YES;
				CLANG_WARN_OBJC_LITERAL_CONVERSION = YES;
				CLANG_WARN_OBJC_ROOT_CLASS = YES_ERROR;
				CLANG_WARN_QUOTED_INCLUDE_IN_FRAMEWORK_HEADER = YES;
				CLANG_WARN_RANGE_LOOP_ANALYSIS = YES;
				CLANG_WARN_STRICT_PROTOTYPES = YES;
				CLANG_WARN_SUSPICIOUS_MOVE = YES;
				CLANG_WARN_UNGUARDED_AVAILABILITY = YES_AGGRESSIVE;
				CLANG_WARN_UNREACHABLE_CODE = YES;
				CLANG_WARN__DUPLICATE_METHOD_MATCH = YES;
				COPY_PHASE_STRIP = NO;
				DEBUG_INFORMATION_FORMAT = dwarf;
				ENABLE_STRICT_OBJC_MSGSEND = YES;
				ENABLE_TESTABILITY = YES;
				GCC_C_LANGUAGE_STANDARD = gnu11;
				GCC_DYNAMIC_NO_PIC = NO;
				GCC_NO_COMMON_BLOCKS = YES;
				GCC_OPTIMIZATION_LEVEL = 0;
				GCC_PREPROCESSOR_DEFINITIONS = (
					"DEBUG=1",
					"$(inherited)",
				);
				GCC_WARN_64_TO_32_BIT_CONVERSION = YES;
				GCC_WARN_ABOUT_RETURN_TYPE = YES_ERROR;
				GCC_WARN_UNDECLARED_SELECTOR = YES;
				GCC_WARN_UNINITIALIZED_AUTOS = YES_AGGRESSIVE;
				GCC_WARN_UNUSED_FUNCTION = YES;
				GCC_WARN_UNUSED_VARIABLE = YES;
				IPHONEOS_DEPLOYMENT_TARGET = 15.0;
				MTL_ENABLE_DEBUG_INFO = INCLUDE_SOURCE;
				MTL_FAST_MATH = YES;
				ONLY_ACTIVE_ARCH = YES;
				SDKROOT = iphoneos;
				SWIFT_ACTIVE_COMPILATION_CONDITIONS = DEBUG;
				SWIFT_OPTIMIZATION_LEVEL = "-Onone";
			};
			name = Debug;
		};
		6E06D0FD27FDA44A00FD4AA1 /* Release */ = {
			isa = XCBuildConfiguration;
			buildSettings = {
				ALWAYS_SEARCH_USER_PATHS = NO;
				CLANG_ANALYZER_NONNULL = YES;
				CLANG_ANALYZER_NUMBER_OBJECT_CONVERSION = YES_AGGRESSIVE;
				CLANG_CXX_LANGUAGE_STANDARD = "gnu++17";
				CLANG_CXX_LIBRARY = "libc++";
				CLANG_ENABLE_MODULES = YES;
				CLANG_ENABLE_OBJC_ARC = YES;
				CLANG_ENABLE_OBJC_WEAK = YES;
				CLANG_WARN_BLOCK_CAPTURE_AUTORELEASING = YES;
				CLANG_WARN_BOOL_CONVERSION = YES;
				CLANG_WARN_COMMA = YES;
				CLANG_WARN_CONSTANT_CONVERSION = YES;
				CLANG_WARN_DEPRECATED_OBJC_IMPLEMENTATIONS = YES;
				CLANG_WARN_DIRECT_OBJC_ISA_USAGE = YES_ERROR;
				CLANG_WARN_DOCUMENTATION_COMMENTS = YES;
				CLANG_WARN_EMPTY_BODY = YES;
				CLANG_WARN_ENUM_CONVERSION = YES;
				CLANG_WARN_INFINITE_RECURSION = YES;
				CLANG_WARN_INT_CONVERSION = YES;
				CLANG_WARN_NON_LITERAL_NULL_CONVERSION = YES;
				CLANG_WARN_OBJC_IMPLICIT_RETAIN_SELF = YES;
				CLANG_WARN_OBJC_LITERAL_CONVERSION = YES;
				CLANG_WARN_OBJC_ROOT_CLASS = YES_ERROR;
				CLANG_WARN_QUOTED_INCLUDE_IN_FRAMEWORK_HEADER = YES;
				CLANG_WARN_RANGE_LOOP_ANALYSIS = YES;
				CLANG_WARN_STRICT_PROTOTYPES = YES;
				CLANG_WARN_SUSPICIOUS_MOVE = YES;
				CLANG_WARN_UNGUARDED_AVAILABILITY = YES_AGGRESSIVE;
				CLANG_WARN_UNREACHABLE_CODE = YES;
				CLANG_WARN__DUPLICATE_METHOD_MATCH = YES;
				COPY_PHASE_STRIP = NO;
				DEBUG_INFORMATION_FORMAT = "dwarf-with-dsym";
				ENABLE_NS_ASSERTIONS = NO;
				ENABLE_STRICT_OBJC_MSGSEND = YES;
				GCC_C_LANGUAGE_STANDARD = gnu11;
				GCC_NO_COMMON_BLOCKS = YES;
				GCC_WARN_64_TO_32_BIT_CONVERSION = YES;
				GCC_WARN_ABOUT_RETURN_TYPE = YES_ERROR;
				GCC_WARN_UNDECLARED_SELECTOR = YES;
				GCC_WARN_UNINITIALIZED_AUTOS = YES_AGGRESSIVE;
				GCC_WARN_UNUSED_FUNCTION = YES;
				GCC_WARN_UNUSED_VARIABLE = YES;
				IPHONEOS_DEPLOYMENT_TARGET = 15.0;
				MTL_ENABLE_DEBUG_INFO = NO;
				MTL_FAST_MATH = YES;
				SDKROOT = iphoneos;
				SWIFT_COMPILATION_MODE = wholemodule;
				SWIFT_OPTIMIZATION_LEVEL = "-O";
				VALIDATE_PRODUCT = YES;
			};
			name = Release;
		};
		6E06D0FF27FDA44A00FD4AA1 /* Debug */ = {
			isa = XCBuildConfiguration;
			buildSettings = {
				ASSETCATALOG_COMPILER_APPICON_NAME = AppIcon;
				ASSETCATALOG_COMPILER_GLOBAL_ACCENT_COLOR_NAME = AccentColor;
				CODE_SIGN_STYLE = Automatic;
				CURRENT_PROJECT_VERSION = 1;
				DEVELOPMENT_TEAM = 24V4JASVX3;
				GENERATE_INFOPLIST_FILE = YES;
				INFOPLIST_FILE = TestWorkSiberian/Info.plist;
				INFOPLIST_KEY_UIApplicationSupportsIndirectInputEvents = YES;
				INFOPLIST_KEY_UILaunchStoryboardName = LaunchScreen;
				INFOPLIST_KEY_UIMainStoryboardFile = AuthView;
				INFOPLIST_KEY_UISupportedInterfaceOrientations_iPad = "UIInterfaceOrientationPortrait UIInterfaceOrientationPortraitUpsideDown UIInterfaceOrientationLandscapeLeft UIInterfaceOrientationLandscapeRight";
				INFOPLIST_KEY_UISupportedInterfaceOrientations_iPhone = "UIInterfaceOrientationPortrait UIInterfaceOrientationLandscapeLeft UIInterfaceOrientationLandscapeRight";
				LD_RUNPATH_SEARCH_PATHS = (
					"$(inherited)",
					"@executable_path/Frameworks",
				);
				MARKETING_VERSION = 1.0;
				PRODUCT_BUNDLE_IDENTIFIER = com.eugeneKodzila.TestWorkSiberian;
				PRODUCT_NAME = "$(TARGET_NAME)";
				SWIFT_EMIT_LOC_STRINGS = YES;
				SWIFT_VERSION = 5.0;
				TARGETED_DEVICE_FAMILY = "1,2";
			};
			name = Debug;
		};
		6E06D10027FDA44A00FD4AA1 /* Release */ = {
			isa = XCBuildConfiguration;
			buildSettings = {
				ASSETCATALOG_COMPILER_APPICON_NAME = AppIcon;
				ASSETCATALOG_COMPILER_GLOBAL_ACCENT_COLOR_NAME = AccentColor;
				CODE_SIGN_STYLE = Automatic;
				CURRENT_PROJECT_VERSION = 1;
				DEVELOPMENT_TEAM = 24V4JASVX3;
				GENERATE_INFOPLIST_FILE = YES;
				INFOPLIST_FILE = TestWorkSiberian/Info.plist;
				INFOPLIST_KEY_UIApplicationSupportsIndirectInputEvents = YES;
				INFOPLIST_KEY_UILaunchStoryboardName = LaunchScreen;
				INFOPLIST_KEY_UIMainStoryboardFile = AuthView;
				INFOPLIST_KEY_UISupportedInterfaceOrientations_iPad = "UIInterfaceOrientationPortrait UIInterfaceOrientationPortraitUpsideDown UIInterfaceOrientationLandscapeLeft UIInterfaceOrientationLandscapeRight";
				INFOPLIST_KEY_UISupportedInterfaceOrientations_iPhone = "UIInterfaceOrientationPortrait UIInterfaceOrientationLandscapeLeft UIInterfaceOrientationLandscapeRight";
				LD_RUNPATH_SEARCH_PATHS = (
					"$(inherited)",
					"@executable_path/Frameworks",
				);
				MARKETING_VERSION = 1.0;
				PRODUCT_BUNDLE_IDENTIFIER = com.eugeneKodzila.TestWorkSiberian;
				PRODUCT_NAME = "$(TARGET_NAME)";
				SWIFT_EMIT_LOC_STRINGS = YES;
				SWIFT_VERSION = 5.0;
				TARGETED_DEVICE_FAMILY = "1,2";
			};
			name = Release;
		};
/* End XCBuildConfiguration section */

/* Begin XCConfigurationList section */
		6E06D0E227FDA44600FD4AA1 /* Build configuration list for PBXProject "TestWorkSiberian" */ = {
			isa = XCConfigurationList;
			buildConfigurations = (
				6E06D0FC27FDA44A00FD4AA1 /* Debug */,
				6E06D0FD27FDA44A00FD4AA1 /* Release */,
			);
			defaultConfigurationIsVisible = 0;
			defaultConfigurationName = Release;
		};
		6E06D0FE27FDA44A00FD4AA1 /* Build configuration list for PBXNativeTarget "TestWorkSiberian" */ = {
			isa = XCConfigurationList;
			buildConfigurations = (
				6E06D0FF27FDA44A00FD4AA1 /* Debug */,
				6E06D10027FDA44A00FD4AA1 /* Release */,
			);
			defaultConfigurationIsVisible = 0;
			defaultConfigurationName = Release;
		};
/* End XCConfigurationList section */

/* Begin XCVersionGroup section */
		6E06D0F327FDA44600FD4AA1 /* TestWorkSiberian.xcdatamodeld */ = {
			isa = XCVersionGroup;
			children = (
				6E06D0F427FDA44600FD4AA1 /* TestWorkSiberian.xcdatamodel */,
			);
			currentVersion = 6E06D0F427FDA44600FD4AA1 /* TestWorkSiberian.xcdatamodel */;
			path = TestWorkSiberian.xcdatamodeld;
			sourceTree = "<group>";
			versionGroupType = wrapper.xcdatamodel;
		};
/* End XCVersionGroup section */
	};
	rootObject = 6E06D0DF27FDA44600FD4AA1 /* Project object */;
}
